
Microsoft Visual Studio Solution File, Format Version 12.00
# Visual Studio Version 16
VisualStudioVersion = 16.0.30011.22
MinimumVisualStudioVersion = 10.0.40219.1
Project("{FAE04EC0-301F-11D3-BF4B-00C04F79EFBC}") = "AppiumEAFramework", "AppiumEAFramework\AppiumEAFramework.csproj", "{C949C2A8-FF40-47B4-A95F-58B6AF139369}"
EndProject
Project("{FAE04EC0-301F-11D3-BF4B-00C04F79EFBC}") = "EAMobileApplication", "EAMobileApplication\EAMobileApplication.csproj", "{C2675C11-464C-4B86-B4AB-E4D3A38BED4D}"
EndProject
Global
	GlobalSection(SolutionConfigurationPlatforms) = preSolution
		Debug|Any CPU = Debug|Any CPU
		Release|Any CPU = Release|Any CPU
	EndGlobalSection
	GlobalSection(ProjectConfigurationPlatforms) = postSolution
		{C949C2A8-FF40-47B4-A95F-58B6AF139369}.Debug|Any CPU.ActiveCfg = Debug|Any CPU
		{C949C2A8-FF40-47B4-A95F-58B6AF139369}.Debug|Any CPU.Build.0 = Debug|Any CPU
		{C949C2A8-FF40-47B4-A95F-58B6AF139369}.Release|Any CPU.ActiveCfg = Release|Any CPU
		{C949C2A8-FF40-47B4-A95F-58B6AF139369}.Release|Any CPU.Build.0 = Release|Any CPU
		{C2675C11-464C-4B86-B4AB-E4D3A38BED4D}.Debug|Any CPU.ActiveCfg = Debug|Any CPU
		{C2675C11-464C-4B86-B4AB-E4D3A38BED4D}.Debug|Any CPU.Build.0 = Debug|Any CPU
		{C2675C11-464C-4B86-B4AB-E4D3A38BED4D}.Release|Any CPU.ActiveCfg = Release|Any CPU
		{C2675C11-464C-4B86-B4AB-E4D3A38BED4D}.Release|Any CPU.Build.0 = Release|Any CPU
	EndGlobalSection
	GlobalSection(SolutionProperties) = preSolution
		HideSolutionNode = FALSE
	EndGlobalSection
	GlobalSection(ExtensibilityGlobals) = postSolution
		SolutionGuid = {16E19171-E610-4ECE-BD1F-AEB45BB40DBA}
	EndGlobalSection
EndGlobal
